
Microsoft Visual Studio Solution File, Format Version 12.00
# Visual Studio 15
VisualStudioVersion = 15.0.27703.2026
MinimumVisualStudioVersion = 10.0.40219.1
Project("{8BC9CEB8-8B4A-11D0-8D11-00A0C91BC942}") = "E1 Q2", "E1 Q2\E1 Q2.vcxproj", "{AA4F7C2C-36F4-4188-9FD1-14A99FC80757}"
EndProject
Global
	GlobalSection(SolutionConfigurationPlatforms) = preSolution
		Debug|x64 = Debug|x64
		Debug|x86 = Debug|x86
		Release|x64 = Release|x64
		Release|x86 = Release|x86
	EndGlobalSection
	GlobalSection(ProjectConfigurationPlatforms) = postSolution
		{AA4F7C2C-36F4-4188-9FD1-14A99FC80757}.Debug|x64.ActiveCfg = Debug|x64
		{AA4F7C2C-36F4-4188-9FD1-14A99FC80757}.Debug|x64.Build.0 = Debug|x64
		{AA4F7C2C-36F4-4188-9FD1-14A99FC80757}.Debug|x86.ActiveCfg = Debug|Win32
		{AA4F7C2C-36F4-4188-9FD1-14A99FC80757}.Debug|x86.Build.0 = Debug|Win32
		{AA4F7C2C-36F4-4188-9FD1-14A99FC80757}.Release|x64.ActiveCfg = Release|x64
		{AA4F7C2C-36F4-4188-9FD1-14A99FC80757}.Release|x64.Build.0 = Release|x64
		{AA4F7C2C-36F4-4188-9FD1-14A99FC80757}.Release|x86.ActiveCfg = Release|Win32
		{AA4F7C2C-36F4-4188-9FD1-14A99FC80757}.Release|x86.Build.0 = Release|Win32
	EndGlobalSection
	GlobalSection(SolutionProperties) = preSolution
		HideSolutionNode = FALSE
	EndGlobalSection
	GlobalSection(ExtensibilityGlobals) = postSolution
		SolutionGuid = {5C8846C9-5118-448B-BFF7-78861EB07A8C}
	EndGlobalSection
EndGlobal
