
Microsoft Visual Studio Solution File, Format Version 12.00
# Visual Studio 15
VisualStudioVersion = 15.0.27703.2026
MinimumVisualStudioVersion = 10.0.40219.1
Project("{8BC9CEB8-8B4A-11D0-8D11-00A0C91BC942}") = "Successive Over Relaxation", "Successive Over Relaxation\Successive Over Relaxation.vcxproj", "{31D13EDC-413C-451C-A282-EDAD93B54806}"
EndProject
Global
	GlobalSection(SolutionConfigurationPlatforms) = preSolution
		Debug|x64 = Debug|x64
		Debug|x86 = Debug|x86
		Release|x64 = Release|x64
		Release|x86 = Release|x86
	EndGlobalSection
	GlobalSection(ProjectConfigurationPlatforms) = postSolution
		{31D13EDC-413C-451C-A282-EDAD93B54806}.Debug|x64.ActiveCfg = Debug|x64
		{31D13EDC-413C-451C-A282-EDAD93B54806}.Debug|x64.Build.0 = Debug|x64
		{31D13EDC-413C-451C-A282-EDAD93B54806}.Debug|x86.ActiveCfg = Debug|Win32
		{31D13EDC-413C-451C-A282-EDAD93B54806}.Debug|x86.Build.0 = Debug|Win32
		{31D13EDC-413C-451C-A282-EDAD93B54806}.Release|x64.ActiveCfg = Release|x64
		{31D13EDC-413C-451C-A282-EDAD93B54806}.Release|x64.Build.0 = Release|x64
		{31D13EDC-413C-451C-A282-EDAD93B54806}.Release|x86.ActiveCfg = Release|Win32
		{31D13EDC-413C-451C-A282-EDAD93B54806}.Release|x86.Build.0 = Release|Win32
	EndGlobalSection
	GlobalSection(SolutionProperties) = preSolution
		HideSolutionNode = FALSE
	EndGlobalSection
	GlobalSection(ExtensibilityGlobals) = postSolution
		SolutionGuid = {464404FF-85DE-43BB-B4B8-A752E6200BC0}
	EndGlobalSection
EndGlobal
