
Microsoft Visual Studio Solution File, Format Version 12.00
# Visual Studio 15
VisualStudioVersion = 15.0.27703.2042
MinimumVisualStudioVersion = 10.0.40219.1
Project("{8BC9CEB8-8B4A-11D0-8D11-00A0C91BC942}") = "Estimating Pi", "Estimating Pi\Estimating Pi.vcxproj", "{A13A9ED7-7026-4A2F-B9D0-5B0A2C4F3845}"
EndProject
Global
	GlobalSection(SolutionConfigurationPlatforms) = preSolution
		Debug|x64 = Debug|x64
		Debug|x86 = Debug|x86
		Release|x64 = Release|x64
		Release|x86 = Release|x86
	EndGlobalSection
	GlobalSection(ProjectConfigurationPlatforms) = postSolution
		{A13A9ED7-7026-4A2F-B9D0-5B0A2C4F3845}.Debug|x64.ActiveCfg = Debug|x64
		{A13A9ED7-7026-4A2F-B9D0-5B0A2C4F3845}.Debug|x64.Build.0 = Debug|x64
		{A13A9ED7-7026-4A2F-B9D0-5B0A2C4F3845}.Debug|x86.ActiveCfg = Debug|Win32
		{A13A9ED7-7026-4A2F-B9D0-5B0A2C4F3845}.Debug|x86.Build.0 = Debug|Win32
		{A13A9ED7-7026-4A2F-B9D0-5B0A2C4F3845}.Release|x64.ActiveCfg = Release|x64
		{A13A9ED7-7026-4A2F-B9D0-5B0A2C4F3845}.Release|x64.Build.0 = Release|x64
		{A13A9ED7-7026-4A2F-B9D0-5B0A2C4F3845}.Release|x86.ActiveCfg = Release|Win32
		{A13A9ED7-7026-4A2F-B9D0-5B0A2C4F3845}.Release|x86.Build.0 = Release|Win32
	EndGlobalSection
	GlobalSection(SolutionProperties) = preSolution
		HideSolutionNode = FALSE
	EndGlobalSection
	GlobalSection(ExtensibilityGlobals) = postSolution
		SolutionGuid = {5223E50E-9063-49F7-9397-320D53D6C4D2}
	EndGlobalSection
EndGlobal
